PODS:
  - Crashlytics (3.8.2):
    - Fabric (~> 1.6.3)
  - Fabric (1.6.9)
  - SwiftyJSON (3.1.1)
  - WMATAFetcher (2.1.0):
    - SwiftyJSON (~> 3.0)

DEPENDENCIES:
  - Crashlytics
  - Fabric
  - WMATAFetcher

SPEC CHECKSUMS:
  Crashlytics: 27acca95a01b042a8294291dd6dff27f8f6af6d7
  Fabric: bc5bec42cef4bcf1ee3ce0e218fc518e4b44dfbb
  SwiftyJSON: f0be2e604f83e8405a624e9f891898bf6ed4e019
  WMATAFetcher: dc4a278dfc34d415bfb949e444f0166793a8231f

PODFILE CHECKSUM: cf472ee5754ad4f01b24dd56f92f19db35f25794

COCOAPODS: 1.1.0.rc.2
