// !$*UTF8*$!
{
	archiveVersion = 1;
	classes = {
	};
	objectVersion = 46;
	objects = {

/* Begin PBXBuildFile section */
		586AE5081D514693005BF5BA /* Assets.xcassets in Resources */ = {isa = PBXBuildFile; fileRef = 588D7C4E1CD1A1CB008A2A22 /* Assets.xcassets */; };
		588D7C4B1CD1A1CB008A2A22 /* AppDelegate.swift in Sources */ = {isa = PBXBuildFile; fileRef = 588D7C4A1CD1A1CB008A2A22 /* AppDelegate.swift */; };
		588D7C4D1CD1A1CB008A2A22 /* ViewController.swift in Sources */ = {isa = PBXBuildFile; fileRef = 588D7C4C1CD1A1CB008A2A22 /* ViewController.swift */; };
		588D7C4F1CD1A1CB008A2A22 /* Assets.xcassets in Resources */ = {isa = PBXBuildFile; fileRef = 588D7C4E1CD1A1CB008A2A22 /* Assets.xcassets */; };
		588D7C521CD1A1CB008A2A22 /* Main.storyboard in Resources */ = {isa = PBXBuildFile; fileRef = 588D7C501CD1A1CB008A2A22 /* Main.storyboard */; };
		588D7C601CD1A1DE008A2A22 /* NotificationCenter.framework in Frameworks */ = {isa = PBXBuildFile; fileRef = 588D7C5F1CD1A1DE008A2A22 /* NotificationCenter.framework */; };
		588D7C651CD1A1DE008A2A22 /* MainViewController.swift in Sources */ = {isa = PBXBuildFile; fileRef = 588D7C641CD1A1DE008A2A22 /* MainViewController.swift */; };
		588D7C681CD1A1DE008A2A22 /* TodayViewController.xib in Resources */ = {isa = PBXBuildFile; fileRef = 588D7C661CD1A1DE008A2A22 /* TodayViewController.xib */; };
		588D7C6C1CD1A1DE008A2A22 /* InfoPlist.strings in Resources */ = {isa = PBXBuildFile; fileRef = 588D7C6A1CD1A1DE008A2A22 /* InfoPlist.strings */; };
		588D7C6F1CD1A1DE008A2A22 /* DC Metro.appex in Embed App Extensions */ = {isa = PBXBuildFile; fileRef = 588D7C5D1CD1A1DE008A2A22 /* DC Metro.appex */; settings = {ATTRIBUTES = (RemoveHeadersOnCopy, ); }; };
		588EA6651CFF2C6E00ACDF41 /* CoreLocation.framework in Frameworks */ = {isa = PBXBuildFile; fileRef = 588EA6641CFF2C6E00ACDF41 /* CoreLocation.framework */; };
		58A9D1041D7B4F66005CF1A7 /* TodayViewController.swift in Sources */ = {isa = PBXBuildFile; fileRef = 58A9D1031D7B4F66005CF1A7 /* TodayViewController.swift */; };
		58C914EE1D5D18F2005F5C32 /* LocationManager.swift in Sources */ = {isa = PBXBuildFile; fileRef = 58C914ED1D5D18F2005F5C32 /* LocationManager.swift */; };
		58D1C0FA1D26135C00F21B3B /* SettingsViewController.swift in Sources */ = {isa = PBXBuildFile; fileRef = 58D1C0F91D26135C00F21B3B /* SettingsViewController.swift */; };
		80610A915760ED5410A43568 /* Pods_DC_Metro_.framework in Frameworks */ = {isa = PBXBuildFile; fileRef = 71C85410114C4E44EA2234CB /* Pods_DC_Metro_.framework */; };
		9C230251773EF6B8EC5DBCDB /* Pods_DC_Metro.framework in Frameworks */ = {isa = PBXBuildFile; fileRef = 31C8D099DBA76035E3D9D583 /* Pods_DC_Metro.framework */; };
/* End PBXBuildFile section */

/* Begin PBXContainerItemProxy section */
		588D7C6D1CD1A1DE008A2A22 /* PBXContainerItemProxy */ = {
			isa = PBXContainerItemProxy;
			containerPortal = 588D7C3F1CD1A1CB008A2A22 /* Project object */;
			proxyType = 1;
			remoteGlobalIDString = 588D7C5C1CD1A1DE008A2A22;
			remoteInfo = DCMetroWidget;
		};
/* End PBXContainerItemProxy section */

/* Begin PBXCopyFilesBuildPhase section */
		588D7C731CD1A1DE008A2A22 /* Embed App Extensions */ = {
			isa = PBXCopyFilesBuildPhase;
			buildActionMask = 2147483647;
			dstPath = "";
			dstSubfolderSpec = 13;
			files = (
				588D7C6F1CD1A1DE008A2A22 /* DC Metro.appex in Embed App Extensions */,
			);
			name = "Embed App Extensions";
			runOnlyForDeploymentPostprocessing = 0;
		};
/* End PBXCopyFilesBuildPhase section */

/* Begin PBXFileReference section */
		0F9C11C25531968183F04CAD /* Pods-DC Metro.release.xcconfig */ = {isa = PBXFileReference; includeInIndex = 1; lastKnownFileType = text.xcconfig; name = "Pods-DC Metro.release.xcconfig"; path = "Pods/Target Support Files/Pods-DC Metro/Pods-DC Metro.release.xcconfig"; sourceTree = "<group>"; };
		31C8D099DBA76035E3D9D583 /* Pods_DC_Metro.framework */ = {isa = PBXFileReference; explicitFileType = wrapper.framework; includeInIndex = 0; path = Pods_DC_Metro.framework; sourceTree = BUILT_PRODUCTS_DIR; };
		55520F939D884AD1B4A70B4E /* Pods_DCMetroWidget.framework */ = {isa = PBXFileReference; explicitFileType = wrapper.framework; includeInIndex = 0; path = Pods_DCMetroWidget.framework; sourceTree = BUILT_PRODUCTS_DIR; };
		586E34CB1D63C1D100AEFE01 /* WMATAFetcher.framework */ = {isa = PBXFileReference; lastKnownFileType = wrapper.framework; name = WMATAFetcher.framework; path = "../../../Library/Developer/Xcode/DerivedData/DC_Metro-aktrovmptnkjzqcuidksappairiq/Build/Products/Debug/WMATAFetcher/WMATAFetcher.framework"; sourceTree = "<group>"; };
		5870A1291D467FAF000D79A1 /* DC Metro.entitlements */ = {isa = PBXFileReference; lastKnownFileType = text.xml; path = "DC Metro.entitlements"; sourceTree = "<group>"; };
		588D7C471CD1A1CB008A2A22 /* DC Metro.app */ = {isa = PBXFileReference; explicitFileType = wrapper.application; includeInIndex = 0; path = "DC Metro.app"; sourceTree = BUILT_PRODUCTS_DIR; };
		588D7C4A1CD1A1CB008A2A22 /* AppDelegate.swift */ = {isa = PBXFileReference; lastKnownFileType = sourcecode.swift; path = AppDelegate.swift; sourceTree = "<group>"; };
		588D7C4C1CD1A1CB008A2A22 /* ViewController.swift */ = {isa = PBXFileReference; lastKnownFileType = sourcecode.swift; path = ViewController.swift; sourceTree = "<group>"; };
		588D7C4E1CD1A1CB008A2A22 /* Assets.xcassets */ = {isa = PBXFileReference; lastKnownFileType = folder.assetcatalog; path = Assets.xcassets; sourceTree = "<group>"; };
		588D7C511CD1A1CB008A2A22 /* Base */ = {isa = PBXFileReference; lastKnownFileType = file.storyboard; name = Base; path = Base.lproj/Main.storyboard; sourceTree = "<group>"; };
		588D7C531CD1A1CB008A2A22 /* Info.plist */ = {isa = PBXFileReference; lastKnownFileType = text.plist.xml; path = Info.plist; sourceTree = "<group>"; };
		588D7C5D1CD1A1DE008A2A22 /* DC Metro.appex */ = {isa = PBXFileReference; explicitFileType = "wrapper.app-extension"; includeInIndex = 0; path = "DC Metro.appex"; sourceTree = BUILT_PRODUCTS_DIR; };
		588D7C5F1CD1A1DE008A2A22 /* NotificationCenter.framework */ = {isa = PBXFileReference; lastKnownFileType = wrapper.framework; name = NotificationCenter.framework; path = System/Library/Frameworks/NotificationCenter.framework; sourceTree = SDKROOT; };
		588D7C631CD1A1DE008A2A22 /* DCMetroWidget.entitlements */ = {isa = PBXFileReference; lastKnownFileType = text.xml; path = DCMetroWidget.entitlements; sourceTree = "<group>"; };
		588D7C641CD1A1DE008A2A22 /* MainViewController.swift */ = {isa = PBXFileReference; lastKnownFileType = sourcecode.swift; path = MainViewController.swift; sourceTree = "<group>"; };
		588D7C671CD1A1DE008A2A22 /* Base */ = {isa = PBXFileReference; lastKnownFileType = file.xib; name = Base; path = Base.lproj/TodayViewController.xib; sourceTree = "<group>"; };
		588D7C691CD1A1DE008A2A22 /* Info.plist */ = {isa = PBXFileReference; lastKnownFileType = text.plist.xml; path = Info.plist; sourceTree = "<group>"; };
		588D7C6B1CD1A1DE008A2A22 /* en */ = {isa = PBXFileReference; lastKnownFileType = text.plist.strings; name = en; path = en.lproj/InfoPlist.strings; sourceTree = "<group>"; };
		588EA6641CFF2C6E00ACDF41 /* CoreLocation.framework */ = {isa = PBXFileReference; lastKnownFileType = wrapper.framework; name = CoreLocation.framework; path = System/Library/Frameworks/CoreLocation.framework; sourceTree = SDKROOT; };
		58A9D1031D7B4F66005CF1A7 /* TodayViewController.swift */ = {isa = PBXFileReference; fileEncoding = 4; lastKnownFileType = sourcecode.swift; path = TodayViewController.swift; sourceTree = "<group>"; };
		58C914ED1D5D18F2005F5C32 /* LocationManager.swift */ = {isa = PBXFileReference; fileEncoding = 4; lastKnownFileType = sourcecode.swift; path = LocationManager.swift; sourceTree = "<group>"; };
		58D1C0F91D26135C00F21B3B /* SettingsViewController.swift */ = {isa = PBXFileReference; fileEncoding = 4; lastKnownFileType = sourcecode.swift; path = SettingsViewController.swift; sourceTree = "<group>"; };
		71C85410114C4E44EA2234CB /* Pods_DC_Metro_.framework */ = {isa = PBXFileReference; explicitFileType = wrapper.framework; includeInIndex = 0; path = Pods_DC_Metro_.framework; sourceTree = BUILT_PRODUCTS_DIR; };
		761AA16F0AAF38F768900A8C /* Pods-DC Metro .debug.xcconfig */ = {isa = PBXFileReference; includeInIndex = 1; lastKnownFileType = text.xcconfig; name = "Pods-DC Metro .debug.xcconfig"; path = "Pods/Target Support Files/Pods-DC Metro /Pods-DC Metro .debug.xcconfig"; sourceTree = "<group>"; };
		B6E12B9D6CD46C1716EEA6C8 /* Pods-DC Metro .release.xcconfig */ = {isa = PBXFileReference; includeInIndex = 1; lastKnownFileType = text.xcconfig; name = "Pods-DC Metro .release.xcconfig"; path = "Pods/Target Support Files/Pods-DC Metro /Pods-DC Metro .release.xcconfig"; sourceTree = "<group>"; };
		DB6D7ED1345238A324B24B17 /* Pods-DC Metro.debug.xcconfig */ = {isa = PBXFileReference; includeInIndex = 1; lastKnownFileType = text.xcconfig; name = "Pods-DC Metro.debug.xcconfig"; path = "Pods/Target Support Files/Pods-DC Metro/Pods-DC Metro.debug.xcconfig"; sourceTree = "<group>"; };
/* End PBXFileReference section */

/* Begin PBXFrameworksBuildPhase section */
		588D7C441CD1A1CB008A2A22 /* Frameworks */ = {
			isa = PBXFrameworksBuildPhase;
			buildActionMask = 2147483647;
			files = (
				9C230251773EF6B8EC5DBCDB /* Pods_DC_Metro.framework in Frameworks */,
			);
			runOnlyForDeploymentPostprocessing = 0;
		};
		588D7C5A1CD1A1DE008A2A22 /* Frameworks */ = {
			isa = PBXFrameworksBuildPhase;
			buildActionMask = 2147483647;
			files = (
				588EA6651CFF2C6E00ACDF41 /* CoreLocation.framework in Frameworks */,
				588D7C601CD1A1DE008A2A22 /* NotificationCenter.framework in Frameworks */,
				80610A915760ED5410A43568 /* Pods_DC_Metro_.framework in Frameworks */,
			);
			runOnlyForDeploymentPostprocessing = 0;
		};
/* End PBXFrameworksBuildPhase section */

/* Begin PBXGroup section */
		1B66F1D9DFB81FFC550EF9F5 /* Pods */ = {
			isa = PBXGroup;
			children = (
				761AA16F0AAF38F768900A8C /* Pods-DC Metro .debug.xcconfig */,
				B6E12B9D6CD46C1716EEA6C8 /* Pods-DC Metro .release.xcconfig */,
				DB6D7ED1345238A324B24B17 /* Pods-DC Metro.debug.xcconfig */,
				0F9C11C25531968183F04CAD /* Pods-DC Metro.release.xcconfig */,
			);
			name = Pods;
			sourceTree = "<group>";
		};
		588D7C3E1CD1A1CB008A2A22 = {
			isa = PBXGroup;
			children = (
				5870A1291D467FAF000D79A1 /* DC Metro.entitlements */,
				588D7C491CD1A1CB008A2A22 /* DCMetro */,
				588D7C611CD1A1DE008A2A22 /* DCMetroWidget */,
				588D7C5E1CD1A1DE008A2A22 /* Frameworks */,
				588D7C481CD1A1CB008A2A22 /* Products */,
				1B66F1D9DFB81FFC550EF9F5 /* Pods */,
			);
			sourceTree = "<group>";
		};
		588D7C481CD1A1CB008A2A22 /* Products */ = {
			isa = PBXGroup;
			children = (
				588D7C471CD1A1CB008A2A22 /* DC Metro.app */,
				588D7C5D1CD1A1DE008A2A22 /* DC Metro.appex */,
			);
			name = Products;
			sourceTree = "<group>";
		};
		588D7C491CD1A1CB008A2A22 /* DCMetro */ = {
			isa = PBXGroup;
			children = (
				588D7C4A1CD1A1CB008A2A22 /* AppDelegate.swift */,
				588D7C4C1CD1A1CB008A2A22 /* ViewController.swift */,
				588D7C4E1CD1A1CB008A2A22 /* Assets.xcassets */,
				588D7C501CD1A1CB008A2A22 /* Main.storyboard */,
				588D7C531CD1A1CB008A2A22 /* Info.plist */,
			);
			path = DCMetro;
			sourceTree = "<group>";
		};
		588D7C5E1CD1A1DE008A2A22 /* Frameworks */ = {
			isa = PBXGroup;
			children = (
				586E34CB1D63C1D100AEFE01 /* WMATAFetcher.framework */,
				588EA6641CFF2C6E00ACDF41 /* CoreLocation.framework */,
				588D7C5F1CD1A1DE008A2A22 /* NotificationCenter.framework */,
				55520F939D884AD1B4A70B4E /* Pods_DCMetroWidget.framework */,
				71C85410114C4E44EA2234CB /* Pods_DC_Metro_.framework */,
				31C8D099DBA76035E3D9D583 /* Pods_DC_Metro.framework */,
			);
			name = Frameworks;
			sourceTree = "<group>";
		};
		588D7C611CD1A1DE008A2A22 /* DCMetroWidget */ = {
			isa = PBXGroup;
			children = (
				58A9D1031D7B4F66005CF1A7 /* TodayViewController.swift */,
				588D7C661CD1A1DE008A2A22 /* TodayViewController.xib */,
				588D7C641CD1A1DE008A2A22 /* MainViewController.swift */,
				58D1C0F91D26135C00F21B3B /* SettingsViewController.swift */,
				58C914ED1D5D18F2005F5C32 /* LocationManager.swift */,
				588D7C691CD1A1DE008A2A22 /* Info.plist */,
				588D7C6A1CD1A1DE008A2A22 /* InfoPlist.strings */,
				588D7C621CD1A1DE008A2A22 /* Supporting Files */,
			);
			path = DCMetroWidget;
			sourceTree = "<group>";
		};
		588D7C621CD1A1DE008A2A22 /* Supporting Files */ = {
			isa = PBXGroup;
			children = (
				588D7C631CD1A1DE008A2A22 /* DCMetroWidget.entitlements */,
			);
			name = "Supporting Files";
			sourceTree = "<group>";
		};
/* End PBXGroup section */

/* Begin PBXNativeTarget section */
		588D7C461CD1A1CB008A2A22 /* DC Metro */ = {
			isa = PBXNativeTarget;
			buildConfigurationList = 588D7C561CD1A1CB008A2A22 /* Build configuration list for PBXNativeTarget "DC Metro" */;
			buildPhases = (
				E6FE200F63D8501068BBAA70 /* [CP] Check Pods Manifest.lock */,
				588D7C431CD1A1CB008A2A22 /* Sources */,
				588D7C441CD1A1CB008A2A22 /* Frameworks */,
				588D7C451CD1A1CB008A2A22 /* Resources */,
				588D7C731CD1A1DE008A2A22 /* Embed App Extensions */,
				80EE9BFB20264733983D285E /* [CP] Embed Pods Frameworks */,
				2C64BAB47D17B15A66097E51 /* [CP] Copy Pods Resources */,
				585FE12E1D4BD13900BD496B /* ShellScript */,
			);
			buildRules = (
			);
			dependencies = (
				588D7C6E1CD1A1DE008A2A22 /* PBXTargetDependency */,
			);
			name = "DC Metro";
			productName = DCMetro;
			productReference = 588D7C471CD1A1CB008A2A22 /* DC Metro.app */;
			productType = "com.apple.product-type.application";
		};
		588D7C5C1CD1A1DE008A2A22 /* DC Metro  */ = {
			isa = PBXNativeTarget;
			buildConfigurationList = 588D7C701CD1A1DE008A2A22 /* Build configuration list for PBXNativeTarget "DC Metro " */;
			buildPhases = (
				C0A2447646B98748148EAEE9 /* [CP] Check Pods Manifest.lock */,
				588D7C591CD1A1DE008A2A22 /* Sources */,
				588D7C5A1CD1A1DE008A2A22 /* Frameworks */,
				588D7C5B1CD1A1DE008A2A22 /* Resources */,
				6E2F60FCB3375BA2B2C12A90 /* [CP] Embed Pods Frameworks */,
				33D9378048AB735616FA40FA /* [CP] Copy Pods Resources */,
				585FE12D1D4994DB00BD496B /* ShellScript */,
			);
			buildRules = (
			);
			dependencies = (
			);
			name = "DC Metro ";
			productName = DCMetroWidget;
			productReference = 588D7C5D1CD1A1DE008A2A22 /* DC Metro.appex */;
			productType = "com.apple.product-type.app-extension";
		};
/* End PBXNativeTarget section */

/* Begin PBXProject section */
		588D7C3F1CD1A1CB008A2A22 /* Project object */ = {
			isa = PBXProject;
			attributes = {
				LastSwiftUpdateCheck = 0730;
				LastUpgradeCheck = 0730;
				ORGANIZATIONNAME = "Christopher Rung";
				TargetAttributes = {
					588D7C461CD1A1CB008A2A22 = {
						CreatedOnToolsVersion = 7.3;
						DevelopmentTeam = 2848SVWH7M;
						SystemCapabilities = {
							com.apple.ApplicationGroups.Mac = {
								enabled = 1;
							};
							com.apple.Sandbox = {
								enabled = 1;
							};
						};
					};
					588D7C5C1CD1A1DE008A2A22 = {
						CreatedOnToolsVersion = 7.3;
						DevelopmentTeam = 2848SVWH7M;
						SystemCapabilities = {
							com.apple.ApplicationGroups.Mac = {
								enabled = 1;
							};
						};
					};
				};
			};
			buildConfigurationList = 588D7C421CD1A1CB008A2A22 /* Build configuration list for PBXProject "DC Metro" */;
			compatibilityVersion = "Xcode 3.2";
			developmentRegion = English;
			hasScannedForEncodings = 0;
			knownRegions = (
				en,
				Base,
			);
			mainGroup = 588D7C3E1CD1A1CB008A2A22;
			productRefGroup = 588D7C481CD1A1CB008A2A22 /* Products */;
			projectDirPath = "";
			projectRoot = "";
			targets = (
				588D7C461CD1A1CB008A2A22 /* DC Metro */,
				588D7C5C1CD1A1DE008A2A22 /* DC Metro  */,
			);
		};
/* End PBXProject section */

/* Begin PBXResourcesBuildPhase section */
		588D7C451CD1A1CB008A2A22 /* Resources */ = {
			isa = PBXResourcesBuildPhase;
			buildActionMask = 2147483647;
			files = (
				588D7C4F1CD1A1CB008A2A22 /* Assets.xcassets in Resources */,
				588D7C521CD1A1CB008A2A22 /* Main.storyboard in Resources */,
			);
			runOnlyForDeploymentPostprocessing = 0;
		};
		588D7C5B1CD1A1DE008A2A22 /* Resources */ = {
			isa = PBXResourcesBuildPhase;
			buildActionMask = 2147483647;
			files = (
				588D7C681CD1A1DE008A2A22 /* TodayViewController.xib in Resources */,
				588D7C6C1CD1A1DE008A2A22 /* InfoPlist.strings in Resources */,
				586AE5081D514693005BF5BA /* Assets.xcassets in Resources */,
			);
			runOnlyForDeploymentPostprocessing = 0;
		};
/* End PBXResourcesBuildPhase section */

/* Begin PBXShellScriptBuildPhase section */
		2C64BAB47D17B15A66097E51 /* [CP] Copy Pods Resources */ = {
			isa = PBXShellScriptBuildPhase;
			buildActionMask = 2147483647;
			files = (
			);
			inputPaths = (
			);
			name = "[CP] Copy Pods Resources";
			outputPaths = (
			);
			runOnlyForDeploymentPostprocessing = 0;
			shellPath = /bin/sh;
			shellScript = "\"${SRCROOT}/Pods/Target Support Files/Pods-DC Metro/Pods-DC Metro-resources.sh\"\n";
			showEnvVarsInLog = 0;
		};
		33D9378048AB735616FA40FA /* [CP] Copy Pods Resources */ = {
			isa = PBXShellScriptBuildPhase;
			buildActionMask = 2147483647;
			files = (
			);
			inputPaths = (
			);
			name = "[CP] Copy Pods Resources";
			outputPaths = (
			);
			runOnlyForDeploymentPostprocessing = 0;
			shellPath = /bin/sh;
			shellScript = "\"${SRCROOT}/Pods/Target Support Files/Pods-DC Metro /Pods-DC Metro -resources.sh\"\n";
			showEnvVarsInLog = 0;
		};
		585FE12D1D4994DB00BD496B /* ShellScript */ = {
			isa = PBXShellScriptBuildPhase;
			buildActionMask = 2147483647;
			files = (
			);
			inputPaths = (
			);
			outputPaths = (
			);
			runOnlyForDeploymentPostprocessing = 0;
			shellPath = /bin/sh;
			shellScript = "\"${PODS_ROOT}/Fabric/run\" 1ff98d500efc973f6acf260d6dc2675939bc0f4e 6a1f157770efebed01fb5ba98a913ca11404ff666aedf184f9c06052a94f2a23";
		};
		585FE12E1D4BD13900BD496B /* ShellScript */ = {
			isa = PBXShellScriptBuildPhase;
			buildActionMask = 2147483647;
			files = (
			);
			inputPaths = (
			);
			outputPaths = (
			);
			runOnlyForDeploymentPostprocessing = 0;
			shellPath = /bin/sh;
			shellScript = "\"${PODS_ROOT}/Fabric/run\" 1ff98d500efc973f6acf260d6dc2675939bc0f4e 6a1f157770efebed01fb5ba98a913ca11404ff666aedf184f9c06052a94f2a23";
		};
		6E2F60FCB3375BA2B2C12A90 /* [CP] Embed Pods Frameworks */ = {
			isa = PBXShellScriptBuildPhase;
			buildActionMask = 2147483647;
			files = (
			);
			inputPaths = (
			);
			name = "[CP] Embed Pods Frameworks";
			outputPaths = (
			);
			runOnlyForDeploymentPostprocessing = 0;
			shellPath = /bin/sh;
			shellScript = "\"${SRCROOT}/Pods/Target Support Files/Pods-DC Metro /Pods-DC Metro -frameworks.sh\"\n";
			showEnvVarsInLog = 0;
		};
		80EE9BFB20264733983D285E /* [CP] Embed Pods Frameworks */ = {
			isa = PBXShellScriptBuildPhase;
			buildActionMask = 2147483647;
			files = (
			);
			inputPaths = (
			);
			name = "[CP] Embed Pods Frameworks";
			outputPaths = (
			);
			runOnlyForDeploymentPostprocessing = 0;
			shellPath = /bin/sh;
			shellScript = "\"${SRCROOT}/Pods/Target Support Files/Pods-DC Metro/Pods-DC Metro-frameworks.sh\"\n";
			showEnvVarsInLog = 0;
		};
		C0A2447646B98748148EAEE9 /* [CP] Check Pods Manifest.lock */ = {
			isa = PBXShellScriptBuildPhase;
			buildActionMask = 2147483647;
			files = (
			);
			inputPaths = (
			);
			name = "[CP] Check Pods Manifest.lock";
			outputPaths = (
			);
			runOnlyForDeploymentPostprocessing = 0;
			shellPath = /bin/sh;
			shellScript = "diff \"${PODS_ROOT}/../Podfile.lock\" \"${PODS_ROOT}/Manifest.lock\" > /dev/null\nif [[ $? != 0 ]] ; then\n    cat << EOM\nerror: The sandbox is not in sync with the Podfile.lock. Run 'pod install' or update your CocoaPods installation.\nEOM\n    exit 1\nfi\n";
			showEnvVarsInLog = 0;
		};
		E6FE200F63D8501068BBAA70 /* [CP] Check Pods Manifest.lock */ = {
			isa = PBXShellScriptBuildPhase;
			buildActionMask = 2147483647;
			files = (
			);
			inputPaths = (
			);
			name = "[CP] Check Pods Manifest.lock";
			outputPaths = (
			);
			runOnlyForDeploymentPostprocessing = 0;
			shellPath = /bin/sh;
			shellScript = "diff \"${PODS_ROOT}/../Podfile.lock\" \"${PODS_ROOT}/Manifest.lock\" > /dev/null\nif [[ $? != 0 ]] ; then\n    cat << EOM\nerror: The sandbox is not in sync with the Podfile.lock. Run 'pod install' or update your CocoaPods installation.\nEOM\n    exit 1\nfi\n";
			showEnvVarsInLog = 0;
		};
/* End PBXShellScriptBuildPhase section */

/* Begin PBXSourcesBuildPhase section */
		588D7C431CD1A1CB008A2A22 /* Sources */ = {
			isa = PBXSourcesBuildPhase;
			buildActionMask = 2147483647;
			files = (
				588D7C4D1CD1A1CB008A2A22 /* ViewController.swift in Sources */,
				588D7C4B1CD1A1CB008A2A22 /* AppDelegate.swift in Sources */,
			);
			runOnlyForDeploymentPostprocessing = 0;
		};
		588D7C591CD1A1DE008A2A22 /* Sources */ = {
			isa = PBXSourcesBuildPhase;
			buildActionMask = 2147483647;
			files = (
				58A9D1041D7B4F66005CF1A7 /* TodayViewController.swift in Sources */,
				588D7C651CD1A1DE008A2A22 /* MainViewController.swift in Sources */,
				58C914EE1D5D18F2005F5C32 /* LocationManager.swift in Sources */,
				58D1C0FA1D26135C00F21B3B /* SettingsViewController.swift in Sources */,
			);
			runOnlyForDeploymentPostprocessing = 0;
		};
/* End PBXSourcesBuildPhase section */

/* Begin PBXTargetDependency section */
		588D7C6E1CD1A1DE008A2A22 /* PBXTargetDependency */ = {
			isa = PBXTargetDependency;
			target = 588D7C5C1CD1A1DE008A2A22 /* DC Metro  */;
			targetProxy = 588D7C6D1CD1A1DE008A2A22 /* PBXContainerItemProxy */;
		};
/* End PBXTargetDependency section */

/* Begin PBXVariantGroup section */
		588D7C501CD1A1CB008A2A22 /* Main.storyboard */ = {
			isa = PBXVariantGroup;
			children = (
				588D7C511CD1A1CB008A2A22 /* Base */,
			);
			name = Main.storyboard;
			sourceTree = "<group>";
		};
		588D7C661CD1A1DE008A2A22 /* TodayViewController.xib */ = {
			isa = PBXVariantGroup;
			children = (
				588D7C671CD1A1DE008A2A22 /* Base */,
			);
			name = TodayViewController.xib;
			sourceTree = "<group>";
		};
		588D7C6A1CD1A1DE008A2A22 /* InfoPlist.strings */ = {
			isa = PBXVariantGroup;
			children = (
				588D7C6B1CD1A1DE008A2A22 /* en */,
			);
			name = InfoPlist.strings;
			sourceTree = "<group>";
		};
/* End PBXVariantGroup section */

/* Begin XCBuildConfiguration section */
		588D7C541CD1A1CB008A2A22 /* Debug */ = {
			isa = XCBuildConfiguration;
			buildSettings = {
				ALWAYS_SEARCH_USER_PATHS = NO;
				CLANG_ANALYZER_NONNULL = YES;
				CLANG_CXX_LANGUAGE_STANDARD = "gnu++0x";
				CLANG_CXX_LIBRARY = "libc++";
				CLANG_ENABLE_MODULES = YES;
				CLANG_ENABLE_OBJC_ARC = YES;
				CLANG_WARN_BOOL_CONVERSION = YES;
				CLANG_WARN_CONSTANT_CONVERSION = YES;
				CLANG_WARN_DIRECT_OBJC_ISA_USAGE = YES_ERROR;
				CLANG_WARN_EMPTY_BODY = YES;
				CLANG_WARN_ENUM_CONVERSION = YES;
				CLANG_WARN_INT_CONVERSION = YES;
				CLANG_WARN_OBJC_ROOT_CLASS = YES_ERROR;
				CLANG_WARN_UNREACHABLE_CODE = YES;
				CLANG_WARN__DUPLICATE_METHOD_MATCH = YES;
				CODE_SIGN_IDENTITY = "-";
				COPY_PHASE_STRIP = NO;
				DEBUG_INFORMATION_FORMAT = "dwarf-with-dsym";
				ENABLE_STRICT_OBJC_MSGSEND = YES;
				ENABLE_TESTABILITY = YES;
				GCC_C_LANGUAGE_STANDARD = gnu99;
				GCC_DYNAMIC_NO_PIC = NO;
				GCC_NO_COMMON_BLOCKS = YES;
				GCC_OPTIMIZATION_LEVEL = 0;
				GCC_PREPROCESSOR_DEFINITIONS = (
					"DEBUG=1",
					"$(inherited)",
				);
				GCC_WARN_64_TO_32_BIT_CONVERSION = YES;
				GCC_WARN_ABOUT_RETURN_TYPE = YES_ERROR;
				GCC_WARN_UNDECLARED_SELECTOR = YES;
				GCC_WARN_UNINITIALIZED_AUTOS = YES_AGGRESSIVE;
				GCC_WARN_UNUSED_FUNCTION = YES;
				GCC_WARN_UNUSED_VARIABLE = YES;
				MACOSX_DEPLOYMENT_TARGET = 10.10;
				MTL_ENABLE_DEBUG_INFO = YES;
				ONLY_ACTIVE_ARCH = YES;
				SDKROOT = macosx;
				SWIFT_OPTIMIZATION_LEVEL = "-Onone";
			};
			name = Debug;
		};
		588D7C551CD1A1CB008A2A22 /* Release */ = {
			isa = XCBuildConfiguration;
			buildSettings = {
				ALWAYS_SEARCH_USER_PATHS = NO;
				CLANG_ANALYZER_NONNULL = YES;
				CLANG_CXX_LANGUAGE_STANDARD = "gnu++0x";
				CLANG_CXX_LIBRARY = "libc++";
				CLANG_ENABLE_MODULES = YES;
				CLANG_ENABLE_OBJC_ARC = YES;
				CLANG_WARN_BOOL_CONVERSION = YES;
				CLANG_WARN_CONSTANT_CONVERSION = YES;
				CLANG_WARN_DIRECT_OBJC_ISA_USAGE = YES_ERROR;
				CLANG_WARN_EMPTY_BODY = YES;
				CLANG_WARN_ENUM_CONVERSION = YES;
				CLANG_WARN_INT_CONVERSION = YES;
				CLANG_WARN_OBJC_ROOT_CLASS = YES_ERROR;
				CLANG_WARN_UNREACHABLE_CODE = YES;
				CLANG_WARN__DUPLICATE_METHOD_MATCH = YES;
				CODE_SIGN_IDENTITY = "-";
				COPY_PHASE_STRIP = NO;
				DEBUG_INFORMATION_FORMAT = "dwarf-with-dsym";
				ENABLE_NS_ASSERTIONS = NO;
				ENABLE_STRICT_OBJC_MSGSEND = YES;
				GCC_C_LANGUAGE_STANDARD = gnu99;
				GCC_NO_COMMON_BLOCKS = YES;
				GCC_WARN_64_TO_32_BIT_CONVERSION = YES;
				GCC_WARN_ABOUT_RETURN_TYPE = YES_ERROR;
				GCC_WARN_UNDECLARED_SELECTOR = YES;
				GCC_WARN_UNINITIALIZED_AUTOS = YES_AGGRESSIVE;
				GCC_WARN_UNUSED_FUNCTION = YES;
				GCC_WARN_UNUSED_VARIABLE = YES;
				MACOSX_DEPLOYMENT_TARGET = 10.10;
				MTL_ENABLE_DEBUG_INFO = NO;
				SDKROOT = macosx;
			};
			name = Release;
		};
		588D7C571CD1A1CB008A2A22 /* Debug */ = {
			isa = XCBuildConfiguration;
			baseConfigurationReference = DB6D7ED1345238A324B24B17 /* Pods-DC Metro.debug.xcconfig */;
			buildSettings = {
				ASSETCATALOG_COMPILER_APPICON_NAME = AppIcon;
				CODE_SIGN_ENTITLEMENTS = "DC Metro.entitlements";
				CODE_SIGN_IDENTITY = "Mac Developer";
				COMBINE_HIDPI_IMAGES = YES;
				EMBEDDED_CONTENT_CONTAINS_SWIFT = "$(inherited)";
				INFOPLIST_FILE = DCMetro/Info.plist;
				LD_RUNPATH_SEARCH_PATHS = "$(inherited) @executable_path/../Frameworks";
				MACOSX_DEPLOYMENT_TARGET = 10.10;
				PRODUCT_BUNDLE_IDENTIFIER = com.clrungdev.DCMetro;
				PRODUCT_NAME = "DC Metro";
			};
			name = Debug;
		};
		588D7C581CD1A1CB008A2A22 /* Release */ = {
			isa = XCBuildConfiguration;
			baseConfigurationReference = 0F9C11C25531968183F04CAD /* Pods-DC Metro.release.xcconfig */;
			buildSettings = {
				ASSETCATALOG_COMPILER_APPICON_NAME = AppIcon;
				CODE_SIGN_ENTITLEMENTS = "DC Metro.entitlements";
				CODE_SIGN_IDENTITY = "Mac Developer";
				COMBINE_HIDPI_IMAGES = YES;
				EMBEDDED_CONTENT_CONTAINS_SWIFT = "$(inherited)";
				INFOPLIST_FILE = DCMetro/Info.plist;
				LD_RUNPATH_SEARCH_PATHS = "$(inherited) @executable_path/../Frameworks";
				MACOSX_DEPLOYMENT_TARGET = 10.10;
				PRODUCT_BUNDLE_IDENTIFIER = com.clrungdev.DCMetro;
				PRODUCT_NAME = "DC Metro";
			};
			name = Release;
		};
		588D7C711CD1A1DE008A2A22 /* Debug */ = {
			isa = XCBuildConfiguration;
			baseConfigurationReference = 761AA16F0AAF38F768900A8C /* Pods-DC Metro .debug.xcconfig */;
			buildSettings = {
				CODE_SIGN_ENTITLEMENTS = DCMetroWidget/DCMetroWidget.entitlements;
				CODE_SIGN_IDENTITY = "Mac Developer";
				"CODE_SIGN_IDENTITY[sdk=macosx*]" = "Mac Developer";
				COMBINE_HIDPI_IMAGES = YES;
				EMBEDDED_CONTENT_CONTAINS_SWIFT = "$(inherited)";
				INFOPLIST_FILE = DCMetroWidget/Info.plist;
				LD_RUNPATH_SEARCH_PATHS = "$(inherited) @executable_path/../Frameworks @executable_path/../../../../Frameworks";
				MACOSX_DEPLOYMENT_TARGET = 10.10;
				PRODUCT_BUNDLE_IDENTIFIER = com.clrungdev.DCMetro.DCMetroWidget;
				PRODUCT_NAME = "DC Metro";
				PROVISIONING_PROFILE = "";
				SKIP_INSTALL = YES;
			};
			name = Debug;
		};
		588D7C721CD1A1DE008A2A22 /* Release */ = {
			isa = XCBuildConfiguration;
			baseConfigurationReference = B6E12B9D6CD46C1716EEA6C8 /* Pods-DC Metro .release.xcconfig */;
			buildSettings = {
				CODE_SIGN_ENTITLEMENTS = DCMetroWidget/DCMetroWidget.entitlements;
				CODE_SIGN_IDENTITY = "Mac Developer";
				"CODE_SIGN_IDENTITY[sdk=macosx*]" = "Mac Developer";
				COMBINE_HIDPI_IMAGES = YES;
				EMBEDDED_CONTENT_CONTAINS_SWIFT = "$(inherited)";
				INFOPLIST_FILE = DCMetroWidget/Info.plist;
				LD_RUNPATH_SEARCH_PATHS = "$(inherited) @executable_path/../Frameworks @executable_path/../../../../Frameworks";
				MACOSX_DEPLOYMENT_TARGET = 10.10;
				PRODUCT_BUNDLE_IDENTIFIER = com.clrungdev.DCMetro.DCMetroWidget;
				PRODUCT_NAME = "DC Metro";
				PROVISIONING_PROFILE = "";
				SKIP_INSTALL = YES;
			};
			name = Release;
		};
/* End XCBuildConfiguration section */

/* Begin XCConfigurationList section */
		588D7C421CD1A1CB008A2A22 /* Build configuration list for PBXProject "DC Metro" */ = {
			isa = XCConfigurationList;
			buildConfigurations = (
				588D7C541CD1A1CB008A2A22 /* Debug */,
				588D7C551CD1A1CB008A2A22 /* Release */,
			);
			defaultConfigurationIsVisible = 0;
			defaultConfigurationName = Release;
		};
		588D7C561CD1A1CB008A2A22 /* Build configuration list for PBXNativeTarget "DC Metro" */ = {
			isa = XCConfigurationList;
			buildConfigurations = (
				588D7C571CD1A1CB008A2A22 /* Debug */,
				588D7C581CD1A1CB008A2A22 /* Release */,
			);
			defaultConfigurationIsVisible = 0;
			defaultConfigurationName = Release;
		};
		588D7C701CD1A1DE008A2A22 /* Build configuration list for PBXNativeTarget "DC Metro " */ = {
			isa = XCConfigurationList;
			buildConfigurations = (
				588D7C711CD1A1DE008A2A22 /* Debug */,
				588D7C721CD1A1DE008A2A22 /* Release */,
			);
			defaultConfigurationIsVisible = 0;
			defaultConfigurationName = Release;
		};
/* End XCConfigurationList section */
	};
	rootObject = 588D7C3F1CD1A1CB008A2A22 /* Project object */;
}
